
Microsoft Visual Studio Solution File, Format Version 12.00
# Visual Studio Version 16
VisualStudioVersion = 16.0.31911.196
MinimumVisualStudioVersion = 10.0.40219.1
Project("{FAE04EC0-301F-11D3-BF4B-00C04F79EFBC}") = "azure-upload-demo server", "azure-upload-demo server.csproj", "{8006000E-EE6D-4EE3-94F0-427D1263AC0A}"
EndProject
Global
	GlobalSection(SolutionConfigurationPlatforms) = preSolution
		Debug|Any CPU = Debug|Any CPU
		Release|Any CPU = Release|Any CPU
	EndGlobalSection
	GlobalSection(ProjectConfigurationPlatforms) = postSolution
		{8006000E-EE6D-4EE3-94F0-427D1263AC0A}.Debug|Any CPU.ActiveCfg = Debug|Any CPU
		{8006000E-EE6D-4EE3-94F0-427D1263AC0A}.Debug|Any CPU.Build.0 = Debug|Any CPU
		{8006000E-EE6D-4EE3-94F0-427D1263AC0A}.Release|Any CPU.ActiveCfg = Release|Any CPU
		{8006000E-EE6D-4EE3-94F0-427D1263AC0A}.Release|Any CPU.Build.0 = Release|Any CPU
	EndGlobalSection
	GlobalSection(SolutionProperties) = preSolution
		HideSolutionNode = FALSE
	EndGlobalSection
	GlobalSection(ExtensibilityGlobals) = postSolution
		SolutionGuid = {E823BFF3-B15D-4B4E-8E80-3AE877F758CD}
	EndGlobalSection
EndGlobal
